{
  "name": "@motorical/cli",
  "version": "1.0.6",
  "lockfileVersion": 3,
  "requires": true,
  "packages": {
    "": {
      "name": "@motorical/cli",
      "version": "1.0.6",
      "license": "UNLICENSED",
      "bin": {
        "motorical": "src/index.js"
      },
      "engines": {
        "node": ">=20"
      }
    }
  }
}
